
Microsoft Visual Studio Solution File, Format Version 12.00
# Visual Studio Version 17
VisualStudioVersion = 17.0.31903.59
MinimumVisualStudioVersion = 10.0.40219.1
Project("{2150E333-8FDC-42A3-9474-1A3956D46DE8}") = "Shared", "Shared", "{1A168CF0-1A7E-4586-991B-4E0431DFEDF9}"
EndProject
Project("{FAE04EC0-301F-11D3-BF4B-00C04F79EFBC}") = "App.BaseData", "Shared\App.BaseData\App.BaseData.csproj", "{12A5224E-22BF-4272-8290-B6638EC96BEB}"
EndProject
Project("{FAE04EC0-301F-11D3-BF4B-00C04F79EFBC}") = "App.Bps.Enum", "Shared\App.Bps.Enum\App.Bps.Enum.csproj", "{CAD1C007-E536-4576-B7A4-81F78F8AC6CF}"
EndProject
Project("{FAE04EC0-301F-11D3-BF4B-00C04F79EFBC}") = "App.Shared.Tests", "Shared\App.Shared.Tests\App.Shared.Tests.csproj", "{52C7A8DE-08A9-4489-950B-0BF0F1DDF357}"
EndProject
Project("{FAE04EC0-301F-11D3-BF4B-00C04F79EFBC}") = "App.Shared.Web", "Shared\App.Shared.Web\App.Shared.Web.csproj", "{1720A1B2-6723-4EFC-B16C-246EF9EBD772}"
EndProject
Project("{FAE04EC0-301F-11D3-BF4B-00C04F79EFBC}") = "Common.Toolkit", "Shared\Common.Toolkit\Common.Toolkit.csproj", "{7A277814-671F-4AC4-8A3C-00655331BC45}"
EndProject
Project("{FAE04EC0-301F-11D3-BF4B-00C04F79EFBC}") = "Seed.Shared", "Shared\Seed.Shared\Seed.Shared.csproj", "{7F1C4951-5D7E-4722-92DE-3EE52C130280}"
EndProject
Project("{2150E333-8FDC-42A3-9474-1A3956D46DE8}") = "Services", "Services", "{A690E181-5928-482D-93BA-86598D0E01F5}"
EndProject
Project("{FAE04EC0-301F-11D3-BF4B-00C04F79EFBC}") = "Rate.Api", "Services\Rate\Rate.Api\Rate.Api.csproj", "{8A0A036B-9AF6-491A-A7EE-5FDF6FBD1AE3}"
EndProject
Project("{FAE04EC0-301F-11D3-BF4B-00C04F79EFBC}") = "Rate.Data", "Services\Rate\Rate.Data\Rate.Data.csproj", "{5240A862-4A56-4754-A0E9-89001025D8EE}"
EndProject
Project("{FAE04EC0-301F-11D3-BF4B-00C04F79EFBC}") = "Rate.Api.Tests", "Services\Rate\Rate.Api.Tests\Rate.Api.Tests.csproj", "{F7132B95-C7B4-42EC-AD72-1586A4C387E0}"
EndProject
Project("{FAE04EC0-301F-11D3-BF4B-00C04F79EFBC}") = "Rcp.Api", "Services\Rcp\Rcp.Api\Rcp.Api.csproj", "{F84A4541-5CDF-45E3-81A5-691D79D4DE50}"
EndProject
Project("{FAE04EC0-301F-11D3-BF4B-00C04F79EFBC}") = "Rcp.Api.Tests", "Services\Rcp\Rcp.Api.Tests\Rcp.Api.Tests.csproj", "{7B4DE2FA-5E48-4C6B-AA45-3923D5FFC835}"
EndProject
Project("{FAE04EC0-301F-11D3-BF4B-00C04F79EFBC}") = "Rcp.Data", "Services\Rcp\Rcp.Data\Rcp.Data.csproj", "{619CAD9D-39E3-4824-8CD3-592C53A6FCE3}"
EndProject
Project("{2150E333-8FDC-42A3-9474-1A3956D46DE8}") = "Rate", "Rate", "{57617D0E-1B57-4591-9335-E0F795B19997}"
EndProject
Project("{2150E333-8FDC-42A3-9474-1A3956D46DE8}") = "Rcp", "Rcp", "{9EBAFC57-98B2-44D5-A246-99937EBFBC04}"
EndProject
Project("{2150E333-8FDC-42A3-9474-1A3956D46DE8}") = "Gateway", "Gateway", "{6C34A7FC-F850-4A4A-AD19-2E459CF002ED}"
EndProject
Project("{FAE04EC0-301F-11D3-BF4B-00C04F79EFBC}") = "Gateway.Api", "Services\Gateway\Gateway.Api\Gateway.Api.csproj", "{27B4E6A4-1EB6-451B-A5CE-AB47D4DE7FD8}"
EndProject
Project("{2150E333-8FDC-42A3-9474-1A3956D46DE8}") = "Identity", "Identity", "{27331D4F-96A6-4C5B-A175-EB74DC29CE5B}"
EndProject
Project("{FAE04EC0-301F-11D3-BF4B-00C04F79EFBC}") = "Identity.Data", "Services\Identity\Identity.Data\Identity.Data.csproj", "{66B9CE3A-661E-4DED-BFAB-99260FE6B5EA}"
EndProject
Project("{FAE04EC0-301F-11D3-BF4B-00C04F79EFBC}") = "Identity.Api.Tests", "Services\Identity\Identity.Api.Tests\Identity.Api.Tests.csproj", "{1DD9851F-9BD7-418F-A7C9-906FFAC2D8C0}"
EndProject
Project("{FAE04EC0-301F-11D3-BF4B-00C04F79EFBC}") = "Identity.Api", "Services\Identity\Identity.Api\Identity.Api.csproj", "{410B677F-0704-4323-AA7F-80A2ACD04333}"
EndProject
Project("{2150E333-8FDC-42A3-9474-1A3956D46DE8}") = "Tools", "Tools", "{CB05BE8D-F552-4298-998E-776350FFC743}"
EndProject
Project("{FAE04EC0-301F-11D3-BF4B-00C04F79EFBC}") = "GatewayTester", "Tools\GatewayTester\GatewayTester.csproj", "{3536A8F8-8B6B-4683-B43B-186D4FC94C9F}"
EndProject
Project("{2150E333-8FDC-42A3-9474-1A3956D46DE8}") = "Cdr", "Cdr", "{D1F2E3A4-B5C6-7890-ABCD-EF1234567890}"
EndProject
Project("{FAE04EC0-301F-11D3-BF4B-00C04F79EFBC}") = "Cdr.Api", "Services\Cdr\Cdr.Api\Cdr.Api.csproj", "{A1B2C3D4-E5F6-7890-1234-567890ABCDEF}"
EndProject
Project("{FAE04EC0-301F-11D3-BF4B-00C04F79EFBC}") = "Cdr.Data", "Services\Cdr\Cdr.Data\Cdr.Data.csproj", "{B2C3D4E5-F6A7-8901-2345-67890ABCDEF1}"
EndProject
Project("{FAE04EC0-301F-11D3-BF4B-00C04F79EFBC}") = "Cdr.Api.Tests", "Services\Cdr\Cdr.Api.Tests\Cdr.Api.Tests.csproj", "{C3D4E5F6-A7B8-9012-3456-7890ABCDEF12}"
EndProject
Project("{2150E333-8FDC-42A3-9474-1A3956D46DE8}") = "AnswerRule", "AnswerRule", "{A190519B-F4F6-4E49-8342-E2FAFBB236FC}"
EndProject
Project("{FAE04EC0-301F-11D3-BF4B-00C04F79EFBC}") = "AnswerRule.Api", "Services\AnswerRule\AnswerRule.Api\AnswerRule.Api.csproj", "{04103CC4-6BFB-4924-8D11-61F39A53F398}"
EndProject
Project("{FAE04EC0-301F-11D3-BF4B-00C04F79EFBC}") = "AnswerRule.Data", "Services\AnswerRule\AnswerRule.Data\AnswerRule.Data.csproj", "{BC34AB0B-8106-4AB6-AF70-FEB9A02AF3AC}"
EndProject
Project("{FAE04EC0-301F-11D3-BF4B-00C04F79EFBC}") = "AnswerRule.Api.Tests", "Services\AnswerRule\AnswerRule.Api.Tests\AnswerRule.Api.Tests.csproj", "{6CC81917-7579-4846-BC11-6C81CDFF363A}"
EndProject
Global
	GlobalSection(SolutionConfigurationPlatforms) = preSolution
		Debug|Any CPU = Debug|Any CPU
		Release|Any CPU = Release|Any CPU
	EndGlobalSection
	GlobalSection(SolutionProperties) = preSolution
		HideSolutionNode = FALSE
	EndGlobalSection
	GlobalSection(ProjectConfigurationPlatforms) = postSolution
		{12A5224E-22BF-4272-8290-B6638EC96BEB}.Debug|Any CPU.ActiveCfg = Debug|Any CPU
		{12A5224E-22BF-4272-8290-B6638EC96BEB}.Debug|Any CPU.Build.0 = Debug|Any CPU
		{12A5224E-22BF-4272-8290-B6638EC96BEB}.Release|Any CPU.ActiveCfg = Release|Any CPU
		{12A5224E-22BF-4272-8290-B6638EC96BEB}.Release|Any CPU.Build.0 = Release|Any CPU
		{CAD1C007-E536-4576-B7A4-81F78F8AC6CF}.Debug|Any CPU.ActiveCfg = Debug|Any CPU
		{CAD1C007-E536-4576-B7A4-81F78F8AC6CF}.Debug|Any CPU.Build.0 = Debug|Any CPU
		{CAD1C007-E536-4576-B7A4-81F78F8AC6CF}.Release|Any CPU.ActiveCfg = Release|Any CPU
		{CAD1C007-E536-4576-B7A4-81F78F8AC6CF}.Release|Any CPU.Build.0 = Release|Any CPU
		{52C7A8DE-08A9-4489-950B-0BF0F1DDF357}.Debug|Any CPU.ActiveCfg = Debug|Any CPU
		{52C7A8DE-08A9-4489-950B-0BF0F1DDF357}.Debug|Any CPU.Build.0 = Debug|Any CPU
		{52C7A8DE-08A9-4489-950B-0BF0F1DDF357}.Release|Any CPU.ActiveCfg = Release|Any CPU
		{52C7A8DE-08A9-4489-950B-0BF0F1DDF357}.Release|Any CPU.Build.0 = Release|Any CPU
		{1720A1B2-6723-4EFC-B16C-246EF9EBD772}.Debug|Any CPU.ActiveCfg = Debug|Any CPU
		{1720A1B2-6723-4EFC-B16C-246EF9EBD772}.Debug|Any CPU.Build.0 = Debug|Any CPU
		{1720A1B2-6723-4EFC-B16C-246EF9EBD772}.Release|Any CPU.ActiveCfg = Release|Any CPU
		{1720A1B2-6723-4EFC-B16C-246EF9EBD772}.Release|Any CPU.Build.0 = Release|Any CPU
		{7A277814-671F-4AC4-8A3C-00655331BC45}.Debug|Any CPU.ActiveCfg = Debug|Any CPU
		{7A277814-671F-4AC4-8A3C-00655331BC45}.Debug|Any CPU.Build.0 = Debug|Any CPU
		{7A277814-671F-4AC4-8A3C-00655331BC45}.Release|Any CPU.ActiveCfg = Release|Any CPU
		{7A277814-671F-4AC4-8A3C-00655331BC45}.Release|Any CPU.Build.0 = Release|Any CPU
		{7F1C4951-5D7E-4722-92DE-3EE52C130280}.Debug|Any CPU.ActiveCfg = Debug|Any CPU
		{7F1C4951-5D7E-4722-92DE-3EE52C130280}.Debug|Any CPU.Build.0 = Debug|Any CPU
		{7F1C4951-5D7E-4722-92DE-3EE52C130280}.Release|Any CPU.ActiveCfg = Release|Any CPU
		{7F1C4951-5D7E-4722-92DE-3EE52C130280}.Release|Any CPU.Build.0 = Release|Any CPU
		{8A0A036B-9AF6-491A-A7EE-5FDF6FBD1AE3}.Debug|Any CPU.ActiveCfg = Debug|Any CPU
		{8A0A036B-9AF6-491A-A7EE-5FDF6FBD1AE3}.Debug|Any CPU.Build.0 = Debug|Any CPU
		{8A0A036B-9AF6-491A-A7EE-5FDF6FBD1AE3}.Release|Any CPU.ActiveCfg = Release|Any CPU
		{8A0A036B-9AF6-491A-A7EE-5FDF6FBD1AE3}.Release|Any CPU.Build.0 = Release|Any CPU
		{5240A862-4A56-4754-A0E9-89001025D8EE}.Debug|Any CPU.ActiveCfg = Debug|Any CPU
		{5240A862-4A56-4754-A0E9-89001025D8EE}.Debug|Any CPU.Build.0 = Debug|Any CPU
		{5240A862-4A56-4754-A0E9-89001025D8EE}.Release|Any CPU.ActiveCfg = Release|Any CPU
		{5240A862-4A56-4754-A0E9-89001025D8EE}.Release|Any CPU.Build.0 = Release|Any CPU
		{F7132B95-C7B4-42EC-AD72-1586A4C387E0}.Debug|Any CPU.ActiveCfg = Debug|Any CPU
		{F7132B95-C7B4-42EC-AD72-1586A4C387E0}.Debug|Any CPU.Build.0 = Debug|Any CPU
		{F7132B95-C7B4-42EC-AD72-1586A4C387E0}.Release|Any CPU.ActiveCfg = Release|Any CPU
		{F7132B95-C7B4-42EC-AD72-1586A4C387E0}.Release|Any CPU.Build.0 = Release|Any CPU
		{F84A4541-5CDF-45E3-81A5-691D79D4DE50}.Debug|Any CPU.ActiveCfg = Debug|Any CPU
		{F84A4541-5CDF-45E3-81A5-691D79D4DE50}.Debug|Any CPU.Build.0 = Debug|Any CPU
		{F84A4541-5CDF-45E3-81A5-691D79D4DE50}.Release|Any CPU.ActiveCfg = Release|Any CPU
		{F84A4541-5CDF-45E3-81A5-691D79D4DE50}.Release|Any CPU.Build.0 = Release|Any CPU
		{7B4DE2FA-5E48-4C6B-AA45-3923D5FFC835}.Debug|Any CPU.ActiveCfg = Debug|Any CPU
		{7B4DE2FA-5E48-4C6B-AA45-3923D5FFC835}.Debug|Any CPU.Build.0 = Debug|Any CPU
		{7B4DE2FA-5E48-4C6B-AA45-3923D5FFC835}.Release|Any CPU.ActiveCfg = Release|Any CPU
		{7B4DE2FA-5E48-4C6B-AA45-3923D5FFC835}.Release|Any CPU.Build.0 = Release|Any CPU
		{619CAD9D-39E3-4824-8CD3-592C53A6FCE3}.Debug|Any CPU.ActiveCfg = Debug|Any CPU
		{619CAD9D-39E3-4824-8CD3-592C53A6FCE3}.Debug|Any CPU.Build.0 = Debug|Any CPU
		{619CAD9D-39E3-4824-8CD3-592C53A6FCE3}.Release|Any CPU.ActiveCfg = Release|Any CPU
		{619CAD9D-39E3-4824-8CD3-592C53A6FCE3}.Release|Any CPU.Build.0 = Release|Any CPU
		{27B4E6A4-1EB6-451B-A5CE-AB47D4DE7FD8}.Debug|Any CPU.ActiveCfg = Debug|Any CPU
		{27B4E6A4-1EB6-451B-A5CE-AB47D4DE7FD8}.Debug|Any CPU.Build.0 = Debug|Any CPU
		{27B4E6A4-1EB6-451B-A5CE-AB47D4DE7FD8}.Release|Any CPU.ActiveCfg = Release|Any CPU
		{27B4E6A4-1EB6-451B-A5CE-AB47D4DE7FD8}.Release|Any CPU.Build.0 = Release|Any CPU
		{66B9CE3A-661E-4DED-BFAB-99260FE6B5EA}.Debug|Any CPU.ActiveCfg = Debug|Any CPU
		{66B9CE3A-661E-4DED-BFAB-99260FE6B5EA}.Debug|Any CPU.Build.0 = Debug|Any CPU
		{66B9CE3A-661E-4DED-BFAB-99260FE6B5EA}.Release|Any CPU.ActiveCfg = Release|Any CPU
		{66B9CE3A-661E-4DED-BFAB-99260FE6B5EA}.Release|Any CPU.Build.0 = Release|Any CPU
		{1DD9851F-9BD7-418F-A7C9-906FFAC2D8C0}.Debug|Any CPU.ActiveCfg = Debug|Any CPU
		{1DD9851F-9BD7-418F-A7C9-906FFAC2D8C0}.Debug|Any CPU.Build.0 = Debug|Any CPU
		{1DD9851F-9BD7-418F-A7C9-906FFAC2D8C0}.Release|Any CPU.ActiveCfg = Release|Any CPU
		{1DD9851F-9BD7-418F-A7C9-906FFAC2D8C0}.Release|Any CPU.Build.0 = Release|Any CPU
		{410B677F-0704-4323-AA7F-80A2ACD04333}.Debug|Any CPU.ActiveCfg = Debug|Any CPU
		{410B677F-0704-4323-AA7F-80A2ACD04333}.Debug|Any CPU.Build.0 = Debug|Any CPU
		{410B677F-0704-4323-AA7F-80A2ACD04333}.Release|Any CPU.ActiveCfg = Release|Any CPU
		{410B677F-0704-4323-AA7F-80A2ACD04333}.Release|Any CPU.Build.0 = Release|Any CPU
		{3536A8F8-8B6B-4683-B43B-186D4FC94C9F}.Debug|Any CPU.ActiveCfg = Debug|Any CPU
		{3536A8F8-8B6B-4683-B43B-186D4FC94C9F}.Debug|Any CPU.Build.0 = Debug|Any CPU
		{3536A8F8-8B6B-4683-B43B-186D4FC94C9F}.Release|Any CPU.ActiveCfg = Release|Any CPU
		{3536A8F8-8B6B-4683-B43B-186D4FC94C9F}.Release|Any CPU.Build.0 = Release|Any CPU
		{A1B2C3D4-E5F6-7890-1234-567890ABCDEF}.Debug|Any CPU.ActiveCfg = Debug|Any CPU
		{A1B2C3D4-E5F6-7890-1234-567890ABCDEF}.Debug|Any CPU.Build.0 = Debug|Any CPU
		{A1B2C3D4-E5F6-7890-1234-567890ABCDEF}.Release|Any CPU.ActiveCfg = Release|Any CPU
		{A1B2C3D4-E5F6-7890-1234-567890ABCDEF}.Release|Any CPU.Build.0 = Release|Any CPU
		{B2C3D4E5-F6A7-8901-2345-67890ABCDEF1}.Debug|Any CPU.ActiveCfg = Debug|Any CPU
		{B2C3D4E5-F6A7-8901-2345-67890ABCDEF1}.Debug|Any CPU.Build.0 = Debug|Any CPU
		{B2C3D4E5-F6A7-8901-2345-67890ABCDEF1}.Release|Any CPU.ActiveCfg = Release|Any CPU
		{B2C3D4E5-F6A7-8901-2345-67890ABCDEF1}.Release|Any CPU.Build.0 = Release|Any CPU
		{C3D4E5F6-A7B8-9012-3456-7890ABCDEF12}.Debug|Any CPU.ActiveCfg = Debug|Any CPU
		{C3D4E5F6-A7B8-9012-3456-7890ABCDEF12}.Debug|Any CPU.Build.0 = Debug|Any CPU
		{C3D4E5F6-A7B8-9012-3456-7890ABCDEF12}.Release|Any CPU.ActiveCfg = Release|Any CPU
		{C3D4E5F6-A7B8-9012-3456-7890ABCDEF12}.Release|Any CPU.Build.0 = Release|Any CPU
		{04103CC4-6BFB-4924-8D11-61F39A53F398}.Debug|Any CPU.ActiveCfg = Debug|Any CPU
		{04103CC4-6BFB-4924-8D11-61F39A53F398}.Debug|Any CPU.Build.0 = Debug|Any CPU
		{04103CC4-6BFB-4924-8D11-61F39A53F398}.Release|Any CPU.ActiveCfg = Release|Any CPU
		{04103CC4-6BFB-4924-8D11-61F39A53F398}.Release|Any CPU.Build.0 = Release|Any CPU
		{BC34AB0B-8106-4AB6-AF70-FEB9A02AF3AC}.Debug|Any CPU.ActiveCfg = Debug|Any CPU
		{BC34AB0B-8106-4AB6-AF70-FEB9A02AF3AC}.Debug|Any CPU.Build.0 = Debug|Any CPU
		{BC34AB0B-8106-4AB6-AF70-FEB9A02AF3AC}.Release|Any CPU.ActiveCfg = Release|Any CPU
		{BC34AB0B-8106-4AB6-AF70-FEB9A02AF3AC}.Release|Any CPU.Build.0 = Release|Any CPU
		{6CC81917-7579-4846-BC11-6C81CDFF363A}.Debug|Any CPU.ActiveCfg = Debug|Any CPU
		{6CC81917-7579-4846-BC11-6C81CDFF363A}.Debug|Any CPU.Build.0 = Debug|Any CPU
		{6CC81917-7579-4846-BC11-6C81CDFF363A}.Release|Any CPU.ActiveCfg = Release|Any CPU
		{6CC81917-7579-4846-BC11-6C81CDFF363A}.Release|Any CPU.Build.0 = Release|Any CPU
	EndGlobalSection
	GlobalSection(NestedProjects) = preSolution
		{12A5224E-22BF-4272-8290-B6638EC96BEB} = {1A168CF0-1A7E-4586-991B-4E0431DFEDF9}
		{CAD1C007-E536-4576-B7A4-81F78F8AC6CF} = {1A168CF0-1A7E-4586-991B-4E0431DFEDF9}
		{52C7A8DE-08A9-4489-950B-0BF0F1DDF357} = {1A168CF0-1A7E-4586-991B-4E0431DFEDF9}
		{1720A1B2-6723-4EFC-B16C-246EF9EBD772} = {1A168CF0-1A7E-4586-991B-4E0431DFEDF9}
		{7A277814-671F-4AC4-8A3C-00655331BC45} = {1A168CF0-1A7E-4586-991B-4E0431DFEDF9}
		{7F1C4951-5D7E-4722-92DE-3EE52C130280} = {1A168CF0-1A7E-4586-991B-4E0431DFEDF9}
		{57617D0E-1B57-4591-9335-E0F795B19997} = {A690E181-5928-482D-93BA-86598D0E01F5}
		{9EBAFC57-98B2-44D5-A246-99937EBFBC04} = {A690E181-5928-482D-93BA-86598D0E01F5}
		{8A0A036B-9AF6-491A-A7EE-5FDF6FBD1AE3} = {57617D0E-1B57-4591-9335-E0F795B19997}
		{F7132B95-C7B4-42EC-AD72-1586A4C387E0} = {57617D0E-1B57-4591-9335-E0F795B19997}
		{5240A862-4A56-4754-A0E9-89001025D8EE} = {57617D0E-1B57-4591-9335-E0F795B19997}
		{F84A4541-5CDF-45E3-81A5-691D79D4DE50} = {9EBAFC57-98B2-44D5-A246-99937EBFBC04}
		{7B4DE2FA-5E48-4C6B-AA45-3923D5FFC835} = {9EBAFC57-98B2-44D5-A246-99937EBFBC04}
		{619CAD9D-39E3-4824-8CD3-592C53A6FCE3} = {9EBAFC57-98B2-44D5-A246-99937EBFBC04}
		{6C34A7FC-F850-4A4A-AD19-2E459CF002ED} = {A690E181-5928-482D-93BA-86598D0E01F5}
		{27B4E6A4-1EB6-451B-A5CE-AB47D4DE7FD8} = {6C34A7FC-F850-4A4A-AD19-2E459CF002ED}
		{27331D4F-96A6-4C5B-A175-EB74DC29CE5B} = {A690E181-5928-482D-93BA-86598D0E01F5}
		{66B9CE3A-661E-4DED-BFAB-99260FE6B5EA} = {27331D4F-96A6-4C5B-A175-EB74DC29CE5B}
		{1DD9851F-9BD7-418F-A7C9-906FFAC2D8C0} = {27331D4F-96A6-4C5B-A175-EB74DC29CE5B}
		{410B677F-0704-4323-AA7F-80A2ACD04333} = {27331D4F-96A6-4C5B-A175-EB74DC29CE5B}
		{3536A8F8-8B6B-4683-B43B-186D4FC94C9F} = {CB05BE8D-F552-4298-998E-776350FFC743}
		{D1F2E3A4-B5C6-7890-ABCD-EF1234567890} = {A690E181-5928-482D-93BA-86598D0E01F5}
		{A1B2C3D4-E5F6-7890-1234-567890ABCDEF} = {D1F2E3A4-B5C6-7890-ABCD-EF1234567890}
		{B2C3D4E5-F6A7-8901-2345-67890ABCDEF1} = {D1F2E3A4-B5C6-7890-ABCD-EF1234567890}
		{C3D4E5F6-A7B8-9012-3456-7890ABCDEF12} = {D1F2E3A4-B5C6-7890-ABCD-EF1234567890}
		{A190519B-F4F6-4E49-8342-E2FAFBB236FC} = {A690E181-5928-482D-93BA-86598D0E01F5}
		{04103CC4-6BFB-4924-8D11-61F39A53F398} = {A190519B-F4F6-4E49-8342-E2FAFBB236FC}
		{BC34AB0B-8106-4AB6-AF70-FEB9A02AF3AC} = {A190519B-F4F6-4E49-8342-E2FAFBB236FC}
		{6CC81917-7579-4846-BC11-6C81CDFF363A} = {A190519B-F4F6-4E49-8342-E2FAFBB236FC}
	EndGlobalSection
EndGlobal
